
Microsoft Visual Studio Solution File, Format Version 12.00
# Visual Studio 2013
VisualStudioVersion = 12.0.31101.0
MinimumVisualStudioVersion = 10.0.40219.1
Project("{FAE04EC0-301F-11D3-BF4B-00C04F79EFBC}") = "Website", "Website\Website.csproj", "{FB926363-ED56-4B04-8837-CACBE8F9F222}"
	ProjectSection(ProjectDependencies) = postProject
		{210897D6-FF54-404B-9BAF-BB0B345F8597} = {210897D6-FF54-404B-9BAF-BB0B345F8597}
	EndProjectSection
EndProject
Project("{2150E333-8FDC-42A3-9474-1A3956D46DE8}") = ".nuget", ".nuget", "{6B353FEE-CA4B-4452-BE02-7453284E1343}"
	ProjectSection(SolutionItems) = preProject
		.nuget\NuGet.Config = .nuget\NuGet.Config
		.nuget\NuGet.exe = .nuget\NuGet.exe
		.nuget\NuGet.targets = .nuget\NuGet.targets
	EndProjectSection
EndProject
Project("{2150E333-8FDC-42A3-9474-1A3956D46DE8}") = "Framework", "Framework", "{759BD9F7-310E-413A-B8AE-7553177FA63A}"
EndProject
Project("{FAE04EC0-301F-11D3-BF4B-00C04F79EFBC}") = "StreamEnergy.Core", "StreamEnergy.Core\StreamEnergy.Core.csproj", "{79779D13-7D5E-4190-BA72-5302244C8165}"
	ProjectSection(ProjectDependencies) = postProject
		{210897D6-FF54-404B-9BAF-BB0B345F8597} = {210897D6-FF54-404B-9BAF-BB0B345F8597}
	EndProjectSection
EndProject
Project("{2150E333-8FDC-42A3-9474-1A3956D46DE8}") = "Tests", "Tests", "{17FDE13F-7944-4199-91B2-B851C879E228}"
EndProject
Project("{FAE04EC0-301F-11D3-BF4B-00C04F79EFBC}") = "StreamEnergy.Core.Tests", "StreamEnergy.Core.Tests\StreamEnergy.Core.Tests.csproj", "{F81AAE15-6DD3-43DE-9D73-0E42AEA33238}"
	ProjectSection(ProjectDependencies) = postProject
		{210897D6-FF54-404B-9BAF-BB0B345F8597} = {210897D6-FF54-404B-9BAF-BB0B345F8597}
	EndProjectSection
EndProject
Project("{FAE04EC0-301F-11D3-BF4B-00C04F79EFBC}") = "StreamEnergy.DomainModel", "StreamEnergy.DomainModel\StreamEnergy.DomainModel.csproj", "{449D7F2C-372C-41A8-B640-6751FDA30828}"
	ProjectSection(ProjectDependencies) = postProject
		{210897D6-FF54-404B-9BAF-BB0B345F8597} = {210897D6-FF54-404B-9BAF-BB0B345F8597}
	EndProjectSection
EndProject
Project("{2150E333-8FDC-42A3-9474-1A3956D46DE8}") = "Services", "Services", "{25960F8A-E3E2-43E0-A982-4C3E9BC37855}"
EndProject
Project("{FAE04EC0-301F-11D3-BF4B-00C04F79EFBC}") = "StreamEnergy.Services", "StreamEnergy.Services\StreamEnergy.Services.csproj", "{C1C6CE03-D27A-4DFF-A5E5-822E8A29BFA9}"
	ProjectSection(ProjectDependencies) = postProject
		{210897D6-FF54-404B-9BAF-BB0B345F8597} = {210897D6-FF54-404B-9BAF-BB0B345F8597}
	EndProjectSection
EndProject
Project("{2150E333-8FDC-42A3-9474-1A3956D46DE8}") = "Tests", "Tests", "{366DD69F-CD9D-4395-9F38-B3FABC2771AE}"
EndProject
Project("{FAE04EC0-301F-11D3-BF4B-00C04F79EFBC}") = "StreamEnergy.MyStream.Tests", "StreamEnergy.MyStream.Tests\StreamEnergy.MyStream.Tests.csproj", "{AF1C856A-2F06-4142-82A3-E227D66B1D4F}"
	ProjectSection(ProjectDependencies) = postProject
		{210897D6-FF54-404B-9BAF-BB0B345F8597} = {210897D6-FF54-404B-9BAF-BB0B345F8597}
	EndProjectSection
EndProject
Project("{FAE04EC0-301F-11D3-BF4B-00C04F79EFBC}") = "CompileOnceFix", "CompileOnceFix\CompileOnceFix.csproj", "{210897D6-FF54-404B-9BAF-BB0B345F8597}"
EndProject
Project("{FAE04EC0-301F-11D3-BF4B-00C04F79EFBC}") = "StreamEnergy.LuceneServices.Web", "StreamEnergy.LuceneServices.Web\StreamEnergy.LuceneServices.Web.csproj", "{7151C4C7-1CCF-42E4-B979-B0B6CB446BAC}"
EndProject
Project("{FAE04EC0-301F-11D3-BF4B-00C04F79EFBC}") = "StreamEnergy.LuceneServices.Web.Tests", "StreamEnergy.LuceneServices.Web.Tests\StreamEnergy.LuceneServices.Web.Tests.csproj", "{01C2497B-EDA7-4638-BE77-CB9E3C02A684}"
EndProject
Project("{FAE04EC0-301F-11D3-BF4B-00C04F79EFBC}") = "StreamEnergy.LuceneServices.IndexGeneration", "StreamEnergy.LuceneServices.IndexGeneration\StreamEnergy.LuceneServices.IndexGeneration.csproj", "{37C047F3-940F-4C38-A781-EDF7F4E39AEB}"
EndProject
Project("{2150E333-8FDC-42A3-9474-1A3956D46DE8}") = "LuceneServices", "LuceneServices", "{A2266EAE-FB81-4326-BCE7-7195EFFC6164}"
EndProject
Project("{2150E333-8FDC-42A3-9474-1A3956D46DE8}") = "Tests", "Tests", "{59B39452-16F0-4170-A74E-F886F54DCBDC}"
EndProject
Project("{FAE04EC0-301F-11D3-BF4B-00C04F79EFBC}") = "StreamEnergy.RenderingService", "StreamEnergy.RenderingService\StreamEnergy.RenderingService.csproj", "{2A7F95F1-DB6A-4063-9CD7-B3AAA6FDA18A}"
EndProject
Project("{2150E333-8FDC-42A3-9474-1A3956D46DE8}") = "WindowsServices", "WindowsServices", "{FC6C8FA8-0ADC-46C6-B79D-409C24C227E5}"
EndProject
Project("{FAE04EC0-301F-11D3-BF4B-00C04F79EFBC}") = "Cis2AureaAccountImport", "Cis2AureaAccountImport\Cis2AureaAccountImport.csproj", "{5BD4F0EB-880C-4A64-9E50-71CAC22C1F4E}"
EndProject
Project("{2150E333-8FDC-42A3-9474-1A3956D46DE8}") = "Solution Items", "Solution Items", "{7BADC9E2-3350-4C47-8FB7-A0E45EB63E66}"
	ProjectSection(SolutionItems) = preProject
		WebEssentials-Settings.json = WebEssentials-Settings.json
	EndProjectSection
EndProject
Project("{2150E333-8FDC-42A3-9474-1A3956D46DE8}") = "CLI Tools", "CLI Tools", "{1C1FD49A-8A08-49D9-96E3-C5A12406DEB9}"
EndProject
Project("{FAE04EC0-301F-11D3-BF4B-00C04F79EFBC}") = "StreamEnergy.UserMigration.Kubra", "StreamEnergy.UserMigration.Kubra\StreamEnergy.UserMigration.Kubra.csproj", "{A012CA34-CF13-44C5-ABE9-119D51A15A26}"
EndProject
Global
	GlobalSection(SolutionConfigurationPlatforms) = preSolution
		Azure-Production Sitecore|Any CPU = Azure-Production Sitecore|Any CPU
		Azure-Production|Any CPU = Azure-Production|Any CPU
		Debug|Any CPU = Debug|Any CPU
		Release|Any CPU = Release|Any CPU
	EndGlobalSection
	GlobalSection(ProjectConfigurationPlatforms) = postSolution
		{FB926363-ED56-4B04-8837-CACBE8F9F222}.Azure-Production Sitecore|Any CPU.ActiveCfg = Azure-Production Sitecore|Any CPU
		{FB926363-ED56-4B04-8837-CACBE8F9F222}.Azure-Production Sitecore|Any CPU.Build.0 = Azure-Production Sitecore|Any CPU
		{FB926363-ED56-4B04-8837-CACBE8F9F222}.Azure-Production|Any CPU.ActiveCfg = Azure-Production|Any CPU
		{FB926363-ED56-4B04-8837-CACBE8F9F222}.Azure-Production|Any CPU.Build.0 = Azure-Production|Any CPU
		{FB926363-ED56-4B04-8837-CACBE8F9F222}.Debug|Any CPU.ActiveCfg = Debug|Any CPU
		{FB926363-ED56-4B04-8837-CACBE8F9F222}.Debug|Any CPU.Build.0 = Debug|Any CPU
		{FB926363-ED56-4B04-8837-CACBE8F9F222}.Release|Any CPU.ActiveCfg = Release|Any CPU
		{FB926363-ED56-4B04-8837-CACBE8F9F222}.Release|Any CPU.Build.0 = Release|Any CPU
		{79779D13-7D5E-4190-BA72-5302244C8165}.Azure-Production Sitecore|Any CPU.ActiveCfg = Azure-Production Sitecore|Any CPU
		{79779D13-7D5E-4190-BA72-5302244C8165}.Azure-Production Sitecore|Any CPU.Build.0 = Azure-Production Sitecore|Any CPU
		{79779D13-7D5E-4190-BA72-5302244C8165}.Azure-Production|Any CPU.ActiveCfg = Azure-Production|Any CPU
		{79779D13-7D5E-4190-BA72-5302244C8165}.Azure-Production|Any CPU.Build.0 = Azure-Production|Any CPU
		{79779D13-7D5E-4190-BA72-5302244C8165}.Debug|Any CPU.ActiveCfg = Debug|Any CPU
		{79779D13-7D5E-4190-BA72-5302244C8165}.Debug|Any CPU.Build.0 = Debug|Any CPU
		{79779D13-7D5E-4190-BA72-5302244C8165}.Release|Any CPU.ActiveCfg = Release|Any CPU
		{79779D13-7D5E-4190-BA72-5302244C8165}.Release|Any CPU.Build.0 = Release|Any CPU
		{F81AAE15-6DD3-43DE-9D73-0E42AEA33238}.Azure-Production Sitecore|Any CPU.ActiveCfg = Azure-Production Sitecore|Any CPU
		{F81AAE15-6DD3-43DE-9D73-0E42AEA33238}.Azure-Production Sitecore|Any CPU.Build.0 = Azure-Production Sitecore|Any CPU
		{F81AAE15-6DD3-43DE-9D73-0E42AEA33238}.Azure-Production|Any CPU.ActiveCfg = Azure-Production|Any CPU
		{F81AAE15-6DD3-43DE-9D73-0E42AEA33238}.Azure-Production|Any CPU.Build.0 = Azure-Production|Any CPU
		{F81AAE15-6DD3-43DE-9D73-0E42AEA33238}.Debug|Any CPU.ActiveCfg = Debug|Any CPU
		{F81AAE15-6DD3-43DE-9D73-0E42AEA33238}.Debug|Any CPU.Build.0 = Debug|Any CPU
		{F81AAE15-6DD3-43DE-9D73-0E42AEA33238}.Release|Any CPU.ActiveCfg = Release|Any CPU
		{F81AAE15-6DD3-43DE-9D73-0E42AEA33238}.Release|Any CPU.Build.0 = Release|Any CPU
		{449D7F2C-372C-41A8-B640-6751FDA30828}.Azure-Production Sitecore|Any CPU.ActiveCfg = Azure-Production Sitecore|Any CPU
		{449D7F2C-372C-41A8-B640-6751FDA30828}.Azure-Production Sitecore|Any CPU.Build.0 = Azure-Production Sitecore|Any CPU
		{449D7F2C-372C-41A8-B640-6751FDA30828}.Azure-Production|Any CPU.ActiveCfg = Azure-Production|Any CPU
		{449D7F2C-372C-41A8-B640-6751FDA30828}.Azure-Production|Any CPU.Build.0 = Azure-Production|Any CPU
		{449D7F2C-372C-41A8-B640-6751FDA30828}.Debug|Any CPU.ActiveCfg = Debug|Any CPU
		{449D7F2C-372C-41A8-B640-6751FDA30828}.Debug|Any CPU.Build.0 = Debug|Any CPU
		{449D7F2C-372C-41A8-B640-6751FDA30828}.Release|Any CPU.ActiveCfg = Release|Any CPU
		{449D7F2C-372C-41A8-B640-6751FDA30828}.Release|Any CPU.Build.0 = Release|Any CPU
		{C1C6CE03-D27A-4DFF-A5E5-822E8A29BFA9}.Azure-Production Sitecore|Any CPU.ActiveCfg = Azure-Production Sitecore|Any CPU
		{C1C6CE03-D27A-4DFF-A5E5-822E8A29BFA9}.Azure-Production Sitecore|Any CPU.Build.0 = Azure-Production Sitecore|Any CPU
		{C1C6CE03-D27A-4DFF-A5E5-822E8A29BFA9}.Azure-Production|Any CPU.ActiveCfg = Azure-Production|Any CPU
		{C1C6CE03-D27A-4DFF-A5E5-822E8A29BFA9}.Azure-Production|Any CPU.Build.0 = Azure-Production|Any CPU
		{C1C6CE03-D27A-4DFF-A5E5-822E8A29BFA9}.Debug|Any CPU.ActiveCfg = Debug|Any CPU
		{C1C6CE03-D27A-4DFF-A5E5-822E8A29BFA9}.Debug|Any CPU.Build.0 = Debug|Any CPU
		{C1C6CE03-D27A-4DFF-A5E5-822E8A29BFA9}.Release|Any CPU.ActiveCfg = Release|Any CPU
		{C1C6CE03-D27A-4DFF-A5E5-822E8A29BFA9}.Release|Any CPU.Build.0 = Release|Any CPU
		{AF1C856A-2F06-4142-82A3-E227D66B1D4F}.Azure-Production Sitecore|Any CPU.ActiveCfg = Azure-Production Sitecore|Any CPU
		{AF1C856A-2F06-4142-82A3-E227D66B1D4F}.Azure-Production Sitecore|Any CPU.Build.0 = Azure-Production Sitecore|Any CPU
		{AF1C856A-2F06-4142-82A3-E227D66B1D4F}.Azure-Production|Any CPU.ActiveCfg = Azure-Production|Any CPU
		{AF1C856A-2F06-4142-82A3-E227D66B1D4F}.Azure-Production|Any CPU.Build.0 = Azure-Production|Any CPU
		{AF1C856A-2F06-4142-82A3-E227D66B1D4F}.Debug|Any CPU.ActiveCfg = Debug|Any CPU
		{AF1C856A-2F06-4142-82A3-E227D66B1D4F}.Debug|Any CPU.Build.0 = Debug|Any CPU
		{AF1C856A-2F06-4142-82A3-E227D66B1D4F}.Release|Any CPU.ActiveCfg = Release|Any CPU
		{AF1C856A-2F06-4142-82A3-E227D66B1D4F}.Release|Any CPU.Build.0 = Release|Any CPU
		{210897D6-FF54-404B-9BAF-BB0B345F8597}.Azure-Production Sitecore|Any CPU.ActiveCfg = Azure-Production Sitecore|Any CPU
		{210897D6-FF54-404B-9BAF-BB0B345F8597}.Azure-Production Sitecore|Any CPU.Build.0 = Azure-Production Sitecore|Any CPU
		{210897D6-FF54-404B-9BAF-BB0B345F8597}.Azure-Production|Any CPU.ActiveCfg = Azure-Production|Any CPU
		{210897D6-FF54-404B-9BAF-BB0B345F8597}.Azure-Production|Any CPU.Build.0 = Azure-Production|Any CPU
		{210897D6-FF54-404B-9BAF-BB0B345F8597}.Debug|Any CPU.ActiveCfg = Debug|Any CPU
		{210897D6-FF54-404B-9BAF-BB0B345F8597}.Debug|Any CPU.Build.0 = Debug|Any CPU
		{210897D6-FF54-404B-9BAF-BB0B345F8597}.Release|Any CPU.ActiveCfg = Release|Any CPU
		{210897D6-FF54-404B-9BAF-BB0B345F8597}.Release|Any CPU.Build.0 = Release|Any CPU
		{7151C4C7-1CCF-42E4-B979-B0B6CB446BAC}.Azure-Production Sitecore|Any CPU.ActiveCfg = Azure-Production Sitecore|Any CPU
		{7151C4C7-1CCF-42E4-B979-B0B6CB446BAC}.Azure-Production Sitecore|Any CPU.Build.0 = Azure-Production Sitecore|Any CPU
		{7151C4C7-1CCF-42E4-B979-B0B6CB446BAC}.Azure-Production|Any CPU.ActiveCfg = Azure-Production|Any CPU
		{7151C4C7-1CCF-42E4-B979-B0B6CB446BAC}.Azure-Production|Any CPU.Build.0 = Azure-Production|Any CPU
		{7151C4C7-1CCF-42E4-B979-B0B6CB446BAC}.Debug|Any CPU.ActiveCfg = Debug|Any CPU
		{7151C4C7-1CCF-42E4-B979-B0B6CB446BAC}.Debug|Any CPU.Build.0 = Debug|Any CPU
		{7151C4C7-1CCF-42E4-B979-B0B6CB446BAC}.Release|Any CPU.ActiveCfg = Release|Any CPU
		{7151C4C7-1CCF-42E4-B979-B0B6CB446BAC}.Release|Any CPU.Build.0 = Release|Any CPU
		{01C2497B-EDA7-4638-BE77-CB9E3C02A684}.Azure-Production Sitecore|Any CPU.ActiveCfg = Azure-Production Sitecore|Any CPU
		{01C2497B-EDA7-4638-BE77-CB9E3C02A684}.Azure-Production Sitecore|Any CPU.Build.0 = Azure-Production Sitecore|Any CPU
		{01C2497B-EDA7-4638-BE77-CB9E3C02A684}.Azure-Production|Any CPU.ActiveCfg = Azure-Production|Any CPU
		{01C2497B-EDA7-4638-BE77-CB9E3C02A684}.Azure-Production|Any CPU.Build.0 = Azure-Production|Any CPU
		{01C2497B-EDA7-4638-BE77-CB9E3C02A684}.Debug|Any CPU.ActiveCfg = Debug|Any CPU
		{01C2497B-EDA7-4638-BE77-CB9E3C02A684}.Debug|Any CPU.Build.0 = Debug|Any CPU
		{01C2497B-EDA7-4638-BE77-CB9E3C02A684}.Release|Any CPU.ActiveCfg = Release|Any CPU
		{01C2497B-EDA7-4638-BE77-CB9E3C02A684}.Release|Any CPU.Build.0 = Release|Any CPU
		{37C047F3-940F-4C38-A781-EDF7F4E39AEB}.Azure-Production Sitecore|Any CPU.ActiveCfg = Azure-Production Sitecore|Any CPU
		{37C047F3-940F-4C38-A781-EDF7F4E39AEB}.Azure-Production Sitecore|Any CPU.Build.0 = Azure-Production Sitecore|Any CPU
		{37C047F3-940F-4C38-A781-EDF7F4E39AEB}.Azure-Production|Any CPU.ActiveCfg = Azure-Production|Any CPU
		{37C047F3-940F-4C38-A781-EDF7F4E39AEB}.Azure-Production|Any CPU.Build.0 = Azure-Production|Any CPU
		{37C047F3-940F-4C38-A781-EDF7F4E39AEB}.Debug|Any CPU.ActiveCfg = Debug|Any CPU
		{37C047F3-940F-4C38-A781-EDF7F4E39AEB}.Debug|Any CPU.Build.0 = Debug|Any CPU
		{37C047F3-940F-4C38-A781-EDF7F4E39AEB}.Release|Any CPU.ActiveCfg = Release|Any CPU
		{37C047F3-940F-4C38-A781-EDF7F4E39AEB}.Release|Any CPU.Build.0 = Release|Any CPU
		{2A7F95F1-DB6A-4063-9CD7-B3AAA6FDA18A}.Azure-Production Sitecore|Any CPU.ActiveCfg = Release|Any CPU
		{2A7F95F1-DB6A-4063-9CD7-B3AAA6FDA18A}.Azure-Production Sitecore|Any CPU.Build.0 = Release|Any CPU
		{2A7F95F1-DB6A-4063-9CD7-B3AAA6FDA18A}.Azure-Production|Any CPU.ActiveCfg = Release|Any CPU
		{2A7F95F1-DB6A-4063-9CD7-B3AAA6FDA18A}.Azure-Production|Any CPU.Build.0 = Release|Any CPU
		{2A7F95F1-DB6A-4063-9CD7-B3AAA6FDA18A}.Debug|Any CPU.ActiveCfg = Debug|Any CPU
		{2A7F95F1-DB6A-4063-9CD7-B3AAA6FDA18A}.Debug|Any CPU.Build.0 = Debug|Any CPU
		{2A7F95F1-DB6A-4063-9CD7-B3AAA6FDA18A}.Release|Any CPU.ActiveCfg = Release|Any CPU
		{2A7F95F1-DB6A-4063-9CD7-B3AAA6FDA18A}.Release|Any CPU.Build.0 = Release|Any CPU
		{5BD4F0EB-880C-4A64-9E50-71CAC22C1F4E}.Azure-Production Sitecore|Any CPU.ActiveCfg = Release|Any CPU
		{5BD4F0EB-880C-4A64-9E50-71CAC22C1F4E}.Azure-Production Sitecore|Any CPU.Build.0 = Release|Any CPU
		{5BD4F0EB-880C-4A64-9E50-71CAC22C1F4E}.Azure-Production|Any CPU.ActiveCfg = Release|Any CPU
		{5BD4F0EB-880C-4A64-9E50-71CAC22C1F4E}.Azure-Production|Any CPU.Build.0 = Release|Any CPU
		{5BD4F0EB-880C-4A64-9E50-71CAC22C1F4E}.Debug|Any CPU.ActiveCfg = Debug|Any CPU
		{5BD4F0EB-880C-4A64-9E50-71CAC22C1F4E}.Debug|Any CPU.Build.0 = Debug|Any CPU
		{5BD4F0EB-880C-4A64-9E50-71CAC22C1F4E}.Release|Any CPU.ActiveCfg = Release|Any CPU
		{5BD4F0EB-880C-4A64-9E50-71CAC22C1F4E}.Release|Any CPU.Build.0 = Release|Any CPU
		{8DAECD6F-8A8A-4018-9828-87D1DBF0E443}.Azure-Production Sitecore|Any CPU.ActiveCfg = Release|Any CPU
		{8DAECD6F-8A8A-4018-9828-87D1DBF0E443}.Azure-Production Sitecore|Any CPU.Build.0 = Release|Any CPU
		{8DAECD6F-8A8A-4018-9828-87D1DBF0E443}.Azure-Production|Any CPU.ActiveCfg = Release|Any CPU
		{8DAECD6F-8A8A-4018-9828-87D1DBF0E443}.Azure-Production|Any CPU.Build.0 = Release|Any CPU
		{8DAECD6F-8A8A-4018-9828-87D1DBF0E443}.Debug|Any CPU.ActiveCfg = Debug|Any CPU
		{8DAECD6F-8A8A-4018-9828-87D1DBF0E443}.Debug|Any CPU.Build.0 = Debug|Any CPU
		{8DAECD6F-8A8A-4018-9828-87D1DBF0E443}.Release|Any CPU.ActiveCfg = Release|Any CPU
		{8DAECD6F-8A8A-4018-9828-87D1DBF0E443}.Release|Any CPU.Build.0 = Release|Any CPU
		{A012CA34-CF13-44C5-ABE9-119D51A15A26}.Azure-Production Sitecore|Any CPU.ActiveCfg = Release|Any CPU
		{A012CA34-CF13-44C5-ABE9-119D51A15A26}.Azure-Production Sitecore|Any CPU.Build.0 = Release|Any CPU
		{A012CA34-CF13-44C5-ABE9-119D51A15A26}.Azure-Production|Any CPU.ActiveCfg = Release|Any CPU
		{A012CA34-CF13-44C5-ABE9-119D51A15A26}.Azure-Production|Any CPU.Build.0 = Release|Any CPU
		{A012CA34-CF13-44C5-ABE9-119D51A15A26}.Debug|Any CPU.ActiveCfg = Debug|Any CPU
		{A012CA34-CF13-44C5-ABE9-119D51A15A26}.Debug|Any CPU.Build.0 = Debug|Any CPU
		{A012CA34-CF13-44C5-ABE9-119D51A15A26}.Release|Any CPU.ActiveCfg = Release|Any CPU
		{A012CA34-CF13-44C5-ABE9-119D51A15A26}.Release|Any CPU.Build.0 = Release|Any CPU
	EndGlobalSection
	GlobalSection(SolutionProperties) = preSolution
		HideSolutionNode = FALSE
	EndGlobalSection
	GlobalSection(NestedProjects) = preSolution
		{79779D13-7D5E-4190-BA72-5302244C8165} = {759BD9F7-310E-413A-B8AE-7553177FA63A}
		{17FDE13F-7944-4199-91B2-B851C879E228} = {759BD9F7-310E-413A-B8AE-7553177FA63A}
		{F81AAE15-6DD3-43DE-9D73-0E42AEA33238} = {17FDE13F-7944-4199-91B2-B851C879E228}
		{C1C6CE03-D27A-4DFF-A5E5-822E8A29BFA9} = {25960F8A-E3E2-43E0-A982-4C3E9BC37855}
		{AF1C856A-2F06-4142-82A3-E227D66B1D4F} = {366DD69F-CD9D-4395-9F38-B3FABC2771AE}
		{210897D6-FF54-404B-9BAF-BB0B345F8597} = {759BD9F7-310E-413A-B8AE-7553177FA63A}
		{7151C4C7-1CCF-42E4-B979-B0B6CB446BAC} = {A2266EAE-FB81-4326-BCE7-7195EFFC6164}
		{01C2497B-EDA7-4638-BE77-CB9E3C02A684} = {59B39452-16F0-4170-A74E-F886F54DCBDC}
		{37C047F3-940F-4C38-A781-EDF7F4E39AEB} = {A2266EAE-FB81-4326-BCE7-7195EFFC6164}
		{59B39452-16F0-4170-A74E-F886F54DCBDC} = {A2266EAE-FB81-4326-BCE7-7195EFFC6164}
		{2A7F95F1-DB6A-4063-9CD7-B3AAA6FDA18A} = {FC6C8FA8-0ADC-46C6-B79D-409C24C227E5}
		{5BD4F0EB-880C-4A64-9E50-71CAC22C1F4E} = {1C1FD49A-8A08-49D9-96E3-C5A12406DEB9}
		{8DAECD6F-8A8A-4018-9828-87D1DBF0E443} = {25960F8A-E3E2-43E0-A982-4C3E9BC37855}
		{A012CA34-CF13-44C5-ABE9-119D51A15A26} = {1C1FD49A-8A08-49D9-96E3-C5A12406DEB9}
		{5BD4F0EB-880C-4A64-9E50-71CAC22C1F4E} = {FC6C8FA8-0ADC-46C6-B79D-409C24C227E5}
	EndGlobalSection
EndGlobal
